{
  "nodes": {
    "agenix": {
      "inputs": {
        "darwin": "darwin",
        "home-manager": "home-manager",
        "nixpkgs": "nixpkgs"
      },
      "locked": {
        "lastModified": 1696775529,
        "narHash": "sha256-TYlE4B0ktPtlJJF9IFxTWrEeq+XKG8Ny0gc2FGEAdj0=",
        "owner": "ryantm",
        "repo": "agenix",
        "rev": "daf42cb35b2dc614d1551e37f96406e4c4a2d3e4",
        "type": "github"
      },
      "original": {
        "owner": "ryantm",
        "repo": "agenix",
        "type": "github"
      }
    },
    "darwin": {
      "inputs": {
        "nixpkgs": [
          "agenix",
          "nixpkgs"
        ]
      },
      "locked": {
        "lastModified": 1673295039,
        "narHash": "sha256-AsdYgE8/GPwcelGgrntlijMg4t3hLFJFCRF3tL5WVjA=",
        "owner": "lnl7",
        "repo": "nix-darwin",
        "rev": "87b9d090ad39b25b2400029c64825fc2a8868943",
        "type": "github"
      },
      "original": {
        "owner": "lnl7",
        "ref": "master",
        "repo": "nix-darwin",
        "type": "github"
      }
    },
    "darwin_2": {
      "inputs": {
        "nixpkgs": [
          "nixpkgs"
        ]
      },
      "locked": {
        "lastModified": 1699704228,
        "narHash": "sha256-NApWG385goidsXmsakWgFRjvbH+aw/n1CGGHn/UuXsc=",
        "owner": "lnl7",
        "repo": "nix-darwin",
        "rev": "0f1ad801387445fdda01d080db8ecf169be8e793",
        "type": "github"
      },
      "original": {
        "owner": "lnl7",
        "repo": "nix-darwin",
        "type": "github"
      }
    },
    "firefly-env": {
      "flake": false,
      "locked": {
        "narHash": "sha256-g97+MJxi/B0YEk/rMeoJt7A8/M7S9VOuW+3yxYWgKkw=",
        "type": "file",
        "url": "https://raw.githubusercontent.com/firefly-iii/firefly-iii/main/.env.example"
      },
      "original": {
        "type": "file",
        "url": "https://raw.githubusercontent.com/firefly-iii/firefly-iii/main/.env.example"
      }
    },
    "firefox-darwin-dmg": {
      "flake": false,
      "locked": {
        "narHash": "sha256-jkQnW7p5h2BHN10Ai0PxdtubBCOKn1Xy1fsW+sAwKyI=",
        "type": "file",
        "url": "https://download.mozilla.org/?lang=en-US&os=osx&product=firefox-latest"
      },
      "original": {
        "type": "file",
        "url": "https://download.mozilla.org/?lang=en-US&os=osx&product=firefox-latest"
      }
    },
    "flake-compat": {
      "flake": false,
      "locked": {
        "lastModified": 1673956053,
        "narHash": "sha256-4gtG9iQuiKITOjNQQeQIpoIB6b16fm+504Ch3sNKLd8=",
        "owner": "edolstra",
        "repo": "flake-compat",
        "rev": "35bb57c0c8d8b62bbfd284272c928ceb64ddbde9",
        "type": "github"
      },
      "original": {
        "owner": "edolstra",
        "repo": "flake-compat",
        "type": "github"
      }
    },
    "flake-utils": {
      "inputs": {
        "systems": "systems_2"
      },
      "locked": {
        "lastModified": 1692799911,
        "narHash": "sha256-3eihraek4qL744EvQXsK1Ha6C3CR7nnT8X2qWap4RNk=",
        "owner": "numtide",
        "repo": "flake-utils",
        "rev": "f9e7cf818399d17d347f847525c5a5a8032e4e44",
        "type": "github"
      },
      "original": {
        "owner": "numtide",
        "repo": "flake-utils",
        "type": "github"
      }
    },
    "flake-utils_2": {
      "inputs": {
        "systems": "systems_3"
      },
      "locked": {
        "lastModified": 1685518550,
        "narHash": "sha256-o2d0KcvaXzTrPRIo0kOLV0/QXHhDQ5DTi+OxcjO8xqY=",
        "owner": "numtide",
        "repo": "flake-utils",
        "rev": "a1720a10a6cfe8234c0e93907ffe81be440f4cef",
        "type": "github"
      },
      "original": {
        "owner": "numtide",
        "repo": "flake-utils",
        "type": "github"
      }
    },
    "gitignore": {
      "inputs": {
        "nixpkgs": [
          "img2theme",
          "pre-commit-hooks",
          "nixpkgs"
        ]
      },
      "locked": {
        "lastModified": 1660459072,
        "narHash": "sha256-8DFJjXG8zqoONA1vXtgeKXy68KdJL5UaXR8NtVMUbx8=",
        "owner": "hercules-ci",
        "repo": "gitignore.nix",
        "rev": "a20de23b925fd8264fd7fad6454652e142fd7f73",
        "type": "github"
      },
      "original": {
        "owner": "hercules-ci",
        "repo": "gitignore.nix",
        "type": "github"
      }
    },
    "home-manager": {
      "inputs": {
        "nixpkgs": [
          "agenix",
          "nixpkgs"
        ]
      },
      "locked": {
        "lastModified": 1682203081,
        "narHash": "sha256-kRL4ejWDhi0zph/FpebFYhzqlOBrk0Pl3dzGEKSAlEw=",
        "owner": "nix-community",
        "repo": "home-manager",
        "rev": "32d3e39c491e2f91152c84f8ad8b003420eab0a1",
        "type": "github"
      },
      "original": {
        "owner": "nix-community",
        "repo": "home-manager",
        "type": "github"
      }
    },
    "home-manager_2": {
      "inputs": {
        "nixpkgs": [
          "nixpkgs"
        ]
      },
      "locked": {
        "lastModified": 1699783872,
        "narHash": "sha256-4zTwLT2LL45Nmo6iwKB3ls3hWodVP9DiSWxki/oewWE=",
        "owner": "nix-community",
        "repo": "home-manager",
        "rev": "280721186ab75a76537713ec310306f0eba3e407",
        "type": "github"
      },
      "original": {
        "owner": "nix-community",
        "repo": "home-manager",
        "type": "github"
      }
    },
    "hyprland": {
      "inputs": {
        "hyprland-protocols": "hyprland-protocols",
        "nixpkgs": "nixpkgs_2",
        "systems": "systems",
        "wlroots": "wlroots",
        "xdph": "xdph"
      },
      "locked": {
        "lastModified": 1699726486,
        "narHash": "sha256-8PP26+ybmScq5WpFd2JPqUDzG2VggYOvD6/rzY9/CJ4=",
        "owner": "hyprwm",
        "repo": "Hyprland",
        "rev": "9afdd61adeaf413afbe853dbc5fdf6853c8bde21",
        "type": "github"
      },
      "original": {
        "owner": "hyprwm",
        "repo": "Hyprland",
        "type": "github"
      }
    },
    "hyprland-protocols": {
      "inputs": {
        "nixpkgs": [
          "hyprland",
          "nixpkgs"
        ],
        "systems": [
          "hyprland",
          "systems"
        ]
      },
      "locked": {
        "lastModified": 1691753796,
        "narHash": "sha256-zOEwiWoXk3j3+EoF3ySUJmberFewWlagvewDRuWYAso=",
        "owner": "hyprwm",
        "repo": "hyprland-protocols",
        "rev": "0c2ce70625cb30aef199cb388f99e19a61a6ce03",
        "type": "github"
      },
      "original": {
        "owner": "hyprwm",
        "repo": "hyprland-protocols",
        "type": "github"
      }
    },
    "img2theme": {
      "inputs": {
        "flake-utils": "flake-utils",
        "nixpkgs": "nixpkgs_3",
        "pre-commit-hooks": "pre-commit-hooks"
      },
      "locked": {
        "lastModified": 1694457611,
        "narHash": "sha256-mDN5yDlc6HMUPt5dodjW9GLIXo8oZvJXB6GLF0hwUyQ=",
        "owner": "pmihaly",
        "repo": "img2theme",
        "rev": "e3707a3a4afc32565a8a8e200903b76a0956e0d7",
        "type": "github"
      },
      "original": {
        "owner": "pmihaly",
        "repo": "img2theme",
        "type": "github"
      }
    },
    "nixpkgs": {
      "locked": {
        "lastModified": 1677676435,
        "narHash": "sha256-6FxdcmQr5JeZqsQvfinIMr0XcTyTuR7EXX0H3ANShpQ=",
        "owner": "NixOS",
        "repo": "nixpkgs",
        "rev": "a08d6979dd7c82c4cef0dcc6ac45ab16051c1169",
        "type": "github"
      },
      "original": {
        "owner": "NixOS",
        "ref": "nixos-unstable",
        "repo": "nixpkgs",
        "type": "github"
      }
    },
    "nixpkgs-stable": {
      "locked": {
        "lastModified": 1685801374,
        "narHash": "sha256-otaSUoFEMM+LjBI1XL/xGB5ao6IwnZOXc47qhIgJe8U=",
        "owner": "NixOS",
        "repo": "nixpkgs",
        "rev": "c37ca420157f4abc31e26f436c1145f8951ff373",
        "type": "github"
      },
      "original": {
        "owner": "NixOS",
        "ref": "nixos-23.05",
        "repo": "nixpkgs",
        "type": "github"
      }
    },
    "nixpkgs_2": {
      "locked": {
        "lastModified": 1698134075,
        "narHash": "sha256-foCD+nuKzfh49bIoiCBur4+Fx1nozo+4C/6k8BYk4sg=",
        "owner": "NixOS",
        "repo": "nixpkgs",
        "rev": "8efd5d1e283604f75a808a20e6cde0ef313d07d4",
        "type": "github"
      },
      "original": {
        "owner": "NixOS",
        "ref": "nixos-unstable",
        "repo": "nixpkgs",
        "type": "github"
      }
    },
    "nixpkgs_3": {
      "locked": {
        "lastModified": 1694246694,
        "narHash": "sha256-5WsQdNG18ZlYno18PvfQzDGfFHmkXeNTahtekSeosBo=",
        "owner": "nixos",
        "repo": "nixpkgs",
        "rev": "c7cc1d72304dfd041aeae254ec5541586d826455",
        "type": "github"
      },
      "original": {
        "owner": "nixos",
        "repo": "nixpkgs",
        "type": "github"
      }
    },
    "nixpkgs_4": {
      "locked": {
        "lastModified": 1689261696,
        "narHash": "sha256-LzfUtFs9MQRvIoQ3MfgSuipBVMXslMPH/vZ+nM40LkA=",
        "owner": "NixOS",
        "repo": "nixpkgs",
        "rev": "df1eee2aa65052a18121ed4971081576b25d6b5c",
        "type": "github"
      },
      "original": {
        "owner": "NixOS",
        "ref": "nixpkgs-unstable",
        "repo": "nixpkgs",
        "type": "github"
      }
    },
    "nixpkgs_5": {
      "locked": {
        "lastModified": 1699099776,
        "narHash": "sha256-X09iKJ27mGsGambGfkKzqvw5esP1L/Rf8H3u3fCqIiU=",
        "owner": "nixos",
        "repo": "nixpkgs",
        "rev": "85f1ba3e51676fa8cc604a3d863d729026a6b8eb",
        "type": "github"
      },
      "original": {
        "owner": "nixos",
        "ref": "nixos-unstable",
        "repo": "nixpkgs",
        "type": "github"
      }
    },
    "nur": {
      "locked": {
        "lastModified": 1699789173,
        "narHash": "sha256-8ImqQHlD/RV/DqUkLX6OMOLC0L3rOnpz18/L8kt+9QQ=",
        "owner": "nix-community",
        "repo": "NUR",
        "rev": "cafc94f2fafd3bc7ef0a2f35a3484dd2df64f111",
        "type": "github"
      },
      "original": {
        "owner": "nix-community",
        "repo": "NUR",
        "type": "github"
      }
    },
    "pre-commit-hooks": {
      "inputs": {
        "flake-compat": "flake-compat",
        "flake-utils": "flake-utils_2",
        "gitignore": "gitignore",
        "nixpkgs": "nixpkgs_4",
        "nixpkgs-stable": "nixpkgs-stable"
      },
      "locked": {
        "lastModified": 1692274144,
        "narHash": "sha256-BxTQuRUANQ81u8DJznQyPmRsg63t4Yc+0kcyq6OLz8s=",
        "owner": "cachix",
        "repo": "pre-commit-hooks.nix",
        "rev": "7e3517c03d46159fdbf8c0e5c97f82d5d4b0c8fa",
        "type": "github"
      },
      "original": {
        "owner": "cachix",
        "repo": "pre-commit-hooks.nix",
        "type": "github"
      }
    },
    "recyclarr-configs": {
      "flake": false,
      "locked": {
        "lastModified": 1688504126,
        "narHash": "sha256-d4k6lNcMPGZpuCwN2a+axuLB4iG7NCvLoqzFDYOtwmw=",
        "owner": "recyclarr",
        "repo": "config-templates",
        "rev": "e0eb683c02c8abfa59cbe7a69b9ccc9e7178112c",
        "type": "github"
      },
      "original": {
        "owner": "recyclarr",
        "repo": "config-templates",
        "rev": "e0eb683c02c8abfa59cbe7a69b9ccc9e7178112c",
        "type": "github"
      }
    },
    "root": {
      "inputs": {
        "agenix": "agenix",
        "darwin": "darwin_2",
        "firefly-env": "firefly-env",
        "firefox-darwin-dmg": "firefox-darwin-dmg",
        "home-manager": "home-manager_2",
        "hyprland": "hyprland",
        "img2theme": "img2theme",
        "nixpkgs": "nixpkgs_5",
        "nur": "nur",
        "recyclarr-configs": "recyclarr-configs"
      }
    },
    "systems": {
      "locked": {
        "lastModified": 1689347949,
        "narHash": "sha256-12tWmuL2zgBgZkdoB6qXZsgJEH9LR3oUgpaQq2RbI80=",
        "owner": "nix-systems",
        "repo": "default-linux",
        "rev": "31732fcf5e8fea42e59c2488ad31a0e651500f68",
        "type": "github"
      },
      "original": {
        "owner": "nix-systems",
        "repo": "default-linux",
        "type": "github"
      }
    },
    "systems_2": {
      "locked": {
        "lastModified": 1681028828,
        "narHash": "sha256-Vy1rq5AaRuLzOxct8nz4T6wlgyUR7zLU309k9mBC768=",
        "owner": "nix-systems",
        "repo": "default",
        "rev": "da67096a3b9bf56a91d16901293e51ba5b49a27e",
        "type": "github"
      },
      "original": {
        "owner": "nix-systems",
        "repo": "default",
        "type": "github"
      }
    },
    "systems_3": {
      "locked": {
        "lastModified": 1681028828,
        "narHash": "sha256-Vy1rq5AaRuLzOxct8nz4T6wlgyUR7zLU309k9mBC768=",
        "owner": "nix-systems",
        "repo": "default",
        "rev": "da67096a3b9bf56a91d16901293e51ba5b49a27e",
        "type": "github"
      },
      "original": {
        "owner": "nix-systems",
        "repo": "default",
        "type": "github"
      }
    },
    "wlroots": {
      "flake": false,
      "locked": {
        "host": "gitlab.freedesktop.org",
        "lastModified": 1699292815,
        "narHash": "sha256-HXu98PyBMKEWLqiTb8viuLDznud/SdkdJsx5A5CWx7I=",
        "owner": "wlroots",
        "repo": "wlroots",
        "rev": "5de9e1a99d6642c2d09d589aa37ff0a8945dcee1",
        "type": "gitlab"
      },
      "original": {
        "host": "gitlab.freedesktop.org",
        "owner": "wlroots",
        "repo": "wlroots",
        "rev": "5de9e1a99d6642c2d09d589aa37ff0a8945dcee1",
        "type": "gitlab"
      }
    },
    "xdph": {
      "inputs": {
        "hyprland-protocols": [
          "hyprland",
          "hyprland-protocols"
        ],
        "nixpkgs": [
          "hyprland",
          "nixpkgs"
        ],
        "systems": [
          "hyprland",
          "systems"
        ]
      },
      "locked": {
        "lastModified": 1697981233,
        "narHash": "sha256-y8q4XUwx+gVK7i2eLjfR32lVo7TYvEslyzrmzYEaPZU=",
        "owner": "hyprwm",
        "repo": "xdg-desktop-portal-hyprland",
        "rev": "22e7a65ff9633e1dedfa5317fdffc49f68de2ff2",
        "type": "github"
      },
      "original": {
        "owner": "hyprwm",
        "repo": "xdg-desktop-portal-hyprland",
        "type": "github"
      }
    }
  },
  "root": "root",
  "version": 7
}
